
Microsoft Visual Studio Solution File, Format Version 12.00
# Visual Studio Version 16
VisualStudioVersion = 16.0.30204.135
MinimumVisualStudioVersion = 10.0.40219.1
Project("{9A19103F-16F7-4668-BE54-9A1E7A4F7556}") = "SignalR", "SignalR\SignalR.csproj", "{5E8B22B5-05EA-42EB-ACFD-23C5DD42FF09}"
EndProject
Project("{9A19103F-16F7-4668-BE54-9A1E7A4F7556}") = "Chat.API", "Chat.API\Chat.API.csproj", "{8E80DD6D-8B7A-40AF-AE9B-70E7E84377A4}"
EndProject
Project("{9A19103F-16F7-4668-BE54-9A1E7A4F7556}") = "Chat.Domain", "Chat.Domain\Chat.Domain.csproj", "{F908C126-D896-4AA5-B9B5-8C8759FEEFB2}"
EndProject
Project("{9A19103F-16F7-4668-BE54-9A1E7A4F7556}") = "Chat.DataAccess", "Chat.DataAccess\Chat.DataAccess.csproj", "{C5C981D8-7659-45AA-86F0-90A37DBC40E2}"
EndProject
Project("{FAE04EC0-301F-11D3-BF4B-00C04F79EFBC}") = "Chat.Client", "Chat.Client\Chat.Client.csproj", "{BD86A0B4-3AFF-41A1-9CFA-7021CEE37244}"
EndProject
Global
	GlobalSection(SolutionConfigurationPlatforms) = preSolution
		Debug|Any CPU = Debug|Any CPU
		Release|Any CPU = Release|Any CPU
	EndGlobalSection
	GlobalSection(ProjectConfigurationPlatforms) = postSolution
		{5E8B22B5-05EA-42EB-ACFD-23C5DD42FF09}.Debug|Any CPU.ActiveCfg = Debug|Any CPU
		{5E8B22B5-05EA-42EB-ACFD-23C5DD42FF09}.Debug|Any CPU.Build.0 = Debug|Any CPU
		{5E8B22B5-05EA-42EB-ACFD-23C5DD42FF09}.Release|Any CPU.ActiveCfg = Release|Any CPU
		{5E8B22B5-05EA-42EB-ACFD-23C5DD42FF09}.Release|Any CPU.Build.0 = Release|Any CPU
		{8E80DD6D-8B7A-40AF-AE9B-70E7E84377A4}.Debug|Any CPU.ActiveCfg = Debug|Any CPU
		{8E80DD6D-8B7A-40AF-AE9B-70E7E84377A4}.Debug|Any CPU.Build.0 = Debug|Any CPU
		{8E80DD6D-8B7A-40AF-AE9B-70E7E84377A4}.Release|Any CPU.ActiveCfg = Release|Any CPU
		{8E80DD6D-8B7A-40AF-AE9B-70E7E84377A4}.Release|Any CPU.Build.0 = Release|Any CPU
		{F908C126-D896-4AA5-B9B5-8C8759FEEFB2}.Debug|Any CPU.ActiveCfg = Debug|Any CPU
		{F908C126-D896-4AA5-B9B5-8C8759FEEFB2}.Debug|Any CPU.Build.0 = Debug|Any CPU
		{F908C126-D896-4AA5-B9B5-8C8759FEEFB2}.Release|Any CPU.ActiveCfg = Release|Any CPU
		{F908C126-D896-4AA5-B9B5-8C8759FEEFB2}.Release|Any CPU.Build.0 = Release|Any CPU
		{C5C981D8-7659-45AA-86F0-90A37DBC40E2}.Debug|Any CPU.ActiveCfg = Debug|Any CPU
		{C5C981D8-7659-45AA-86F0-90A37DBC40E2}.Debug|Any CPU.Build.0 = Debug|Any CPU
		{C5C981D8-7659-45AA-86F0-90A37DBC40E2}.Release|Any CPU.ActiveCfg = Release|Any CPU
		{C5C981D8-7659-45AA-86F0-90A37DBC40E2}.Release|Any CPU.Build.0 = Release|Any CPU
		{BD86A0B4-3AFF-41A1-9CFA-7021CEE37244}.Debug|Any CPU.ActiveCfg = Debug|Any CPU
		{BD86A0B4-3AFF-41A1-9CFA-7021CEE37244}.Debug|Any CPU.Build.0 = Debug|Any CPU
		{BD86A0B4-3AFF-41A1-9CFA-7021CEE37244}.Release|Any CPU.ActiveCfg = Release|Any CPU
		{BD86A0B4-3AFF-41A1-9CFA-7021CEE37244}.Release|Any CPU.Build.0 = Release|Any CPU
	EndGlobalSection
	GlobalSection(SolutionProperties) = preSolution
		HideSolutionNode = FALSE
	EndGlobalSection
	GlobalSection(ExtensibilityGlobals) = postSolution
		SolutionGuid = {7F5C7847-AF9B-41B0-B9BC-E2CF39292B03}
	EndGlobalSection
EndGlobal
